
Microsoft Visual Studio Solution File, Format Version 12.00
# Visual Studio Version 17
VisualStudioVersion = 17.14.36203.30 d17.14
MinimumVisualStudioVersion = 10.0.40219.1
Project("{FAE04EC0-301F-11D3-BF4B-00C04F79EFBC}") = "ElectronicServices", "ElectronicServices\ElectronicServices.csproj", "{846C55CA-C27F-4CB5-8A92-A2726E622772}"
EndProject
Global
	GlobalSection(SolutionConfigurationPlatforms) = preSolution
		Debug|Any CPU = Debug|Any CPU
		Release|Any CPU = Release|Any CPU
	EndGlobalSection
	GlobalSection(ProjectConfigurationPlatforms) = postSolution
		{846C55CA-C27F-4CB5-8A92-A2726E622772}.Debug|Any CPU.ActiveCfg = Debug|Any CPU
		{846C55CA-C27F-4CB5-8A92-A2726E622772}.Debug|Any CPU.Build.0 = Debug|Any CPU
		{846C55CA-C27F-4CB5-8A92-A2726E622772}.Release|Any CPU.ActiveCfg = Release|Any CPU
		{846C55CA-C27F-4CB5-8A92-A2726E622772}.Release|Any CPU.Build.0 = Release|Any CPU
	EndGlobalSection
	GlobalSection(SolutionProperties) = preSolution
		HideSolutionNode = FALSE
	EndGlobalSection
	GlobalSection(ExtensibilityGlobals) = postSolution
		SolutionGuid = {77955215-FB3B-47FE-9CAF-5FFC0C8C4001}
	EndGlobalSection
EndGlobal
